
Microsoft Visual Studio Solution File, Format Version 12.00
# Visual Studio Version 16
VisualStudioVersion = 16.0.29613.14
MinimumVisualStudioVersion = 10.0.40219.1
Project("{FAE04EC0-301F-11D3-BF4B-00C04F79EFBC}") = "Cdmx.Scg.Sancionados.Web", "Cdmx.Scg.Sancionados.Web\Cdmx.Scg.Sancionados.Web.csproj", "{10E35462-A5E6-4805-A997-ECE40C2235CB}"
EndProject
Project("{FAE04EC0-301F-11D3-BF4B-00C04F79EFBC}") = "Cdmx.Scg.Sancionados.Service", "Cdmx.Scg.Sancionados.Service\Cdmx.Scg.Sancionados.Service.csproj", "{E1ADB5E9-37E0-4E0A-9DB2-B3B3F26FBA05}"
EndProject
Global
	GlobalSection(SolutionConfigurationPlatforms) = preSolution
		Debug|Any CPU = Debug|Any CPU
		Release|Any CPU = Release|Any CPU
	EndGlobalSection
	GlobalSection(ProjectConfigurationPlatforms) = postSolution
		{10E35462-A5E6-4805-A997-ECE40C2235CB}.Debug|Any CPU.ActiveCfg = Debug|Any CPU
		{10E35462-A5E6-4805-A997-ECE40C2235CB}.Debug|Any CPU.Build.0 = Debug|Any CPU
		{10E35462-A5E6-4805-A997-ECE40C2235CB}.Release|Any CPU.ActiveCfg = Release|Any CPU
		{10E35462-A5E6-4805-A997-ECE40C2235CB}.Release|Any CPU.Build.0 = Release|Any CPU
		{E1ADB5E9-37E0-4E0A-9DB2-B3B3F26FBA05}.Debug|Any CPU.ActiveCfg = Debug|Any CPU
		{E1ADB5E9-37E0-4E0A-9DB2-B3B3F26FBA05}.Debug|Any CPU.Build.0 = Debug|Any CPU
		{E1ADB5E9-37E0-4E0A-9DB2-B3B3F26FBA05}.Release|Any CPU.ActiveCfg = Release|Any CPU
		{E1ADB5E9-37E0-4E0A-9DB2-B3B3F26FBA05}.Release|Any CPU.Build.0 = Release|Any CPU
	EndGlobalSection
	GlobalSection(SolutionProperties) = preSolution
		HideSolutionNode = FALSE
	EndGlobalSection
	GlobalSection(ExtensibilityGlobals) = postSolution
		SolutionGuid = {4D45F2DE-7DC2-4FF7-BEC1-B61F7654FA71}
	EndGlobalSection
EndGlobal
